
Microsoft Visual Studio Solution File, Format Version 12.00
# Visual Studio Version 16
VisualStudioVersion = 16.0.31727.386
MinimumVisualStudioVersion = 10.0.40219.1
Project("{FAE04EC0-301F-11D3-BF4B-00C04F79EFBC}") = "PFN_Praktikum3_19SA1116", "PFN_Praktikum3_19SA1116\PFN_Praktikum3_19SA1116.csproj", "{FACD8123-5E10-41B6-A582-F9AF58E5ED2E}"
EndProject
Global
	GlobalSection(SolutionConfigurationPlatforms) = preSolution
		Debug|Any CPU = Debug|Any CPU
		Release|Any CPU = Release|Any CPU
	EndGlobalSection
	GlobalSection(ProjectConfigurationPlatforms) = postSolution
		{FACD8123-5E10-41B6-A582-F9AF58E5ED2E}.Debug|Any CPU.ActiveCfg = Debug|Any CPU
		{FACD8123-5E10-41B6-A582-F9AF58E5ED2E}.Debug|Any CPU.Build.0 = Debug|Any CPU
		{FACD8123-5E10-41B6-A582-F9AF58E5ED2E}.Release|Any CPU.ActiveCfg = Release|Any CPU
		{FACD8123-5E10-41B6-A582-F9AF58E5ED2E}.Release|Any CPU.Build.0 = Release|Any CPU
	EndGlobalSection
	GlobalSection(SolutionProperties) = preSolution
		HideSolutionNode = FALSE
	EndGlobalSection
	GlobalSection(ExtensibilityGlobals) = postSolution
		SolutionGuid = {A8C02A7D-1685-453D-B7FB-702EB6DD37B5}
	EndGlobalSection
EndGlobal
